
Microsoft Visual Studio Solution File, Format Version 12.00
# Visual Studio 15
VisualStudioVersion = 15.0.28307.329
MinimumVisualStudioVersion = 10.0.40219.1
Project("{FAE04EC0-301F-11D3-BF4B-00C04F79EFBC}") = "Paint_quest_test", "Paint_quest_test.csproj", "{93EA7721-7996-43AF-B4EF-60C0AD195E63}"
EndProject
Global
	GlobalSection(SolutionConfigurationPlatforms) = preSolution
		Debug|Any CPU = Debug|Any CPU
		Release|Any CPU = Release|Any CPU
	EndGlobalSection
	GlobalSection(ProjectConfigurationPlatforms) = postSolution
		{93EA7721-7996-43AF-B4EF-60C0AD195E63}.Debug|Any CPU.ActiveCfg = Debug|Any CPU
		{93EA7721-7996-43AF-B4EF-60C0AD195E63}.Debug|Any CPU.Build.0 = Debug|Any CPU
		{93EA7721-7996-43AF-B4EF-60C0AD195E63}.Release|Any CPU.ActiveCfg = Release|Any CPU
		{93EA7721-7996-43AF-B4EF-60C0AD195E63}.Release|Any CPU.Build.0 = Release|Any CPU
	EndGlobalSection
	GlobalSection(SolutionProperties) = preSolution
		HideSolutionNode = FALSE
	EndGlobalSection
	GlobalSection(ExtensibilityGlobals) = postSolution
		SolutionGuid = {5CE083AF-B086-44C0-B678-6DC0B8A74B35}
	EndGlobalSection
EndGlobal
